
Microsoft Visual Studio Solution File, Format Version 12.00
# Visual Studio 14
VisualStudioVersion = 14.0.25420.1
MinimumVisualStudioVersion = 10.0.40219.1
Project("{FAE04EC0-301F-11D3-BF4B-00C04F79EFBC}") = "Source", "Source\Source.csproj", "{B1B6F028-57C5-4D40-BD74-E0E33E374F61}"
EndProject
Project("{FAE04EC0-301F-11D3-BF4B-00C04F79EFBC}") = "Tests", "Tests\Tests.csproj", "{4CC08034-06D7-4F82-9D51-215D22F711B0}"
EndProject
Global
	GlobalSection(SolutionConfigurationPlatforms) = preSolution
		Debug|Any CPU = Debug|Any CPU
		Release|Any CPU = Release|Any CPU
	EndGlobalSection
	GlobalSection(ProjectConfigurationPlatforms) = postSolution
		{B1B6F028-57C5-4D40-BD74-E0E33E374F61}.Debug|Any CPU.ActiveCfg = Debug|Any CPU
		{B1B6F028-57C5-4D40-BD74-E0E33E374F61}.Debug|Any CPU.Build.0 = Debug|Any CPU
		{B1B6F028-57C5-4D40-BD74-E0E33E374F61}.Release|Any CPU.ActiveCfg = Release|Any CPU
		{B1B6F028-57C5-4D40-BD74-E0E33E374F61}.Release|Any CPU.Build.0 = Release|Any CPU
		{4CC08034-06D7-4F82-9D51-215D22F711B0}.Debug|Any CPU.ActiveCfg = Debug|Any CPU
		{4CC08034-06D7-4F82-9D51-215D22F711B0}.Debug|Any CPU.Build.0 = Debug|Any CPU
		{4CC08034-06D7-4F82-9D51-215D22F711B0}.Release|Any CPU.ActiveCfg = Release|Any CPU
		{4CC08034-06D7-4F82-9D51-215D22F711B0}.Release|Any CPU.Build.0 = Release|Any CPU
	EndGlobalSection
	GlobalSection(SolutionProperties) = preSolution
		HideSolutionNode = FALSE
	EndGlobalSection
EndGlobal
